
Microsoft Visual Studio Solution File, Format Version 12.00
# Visual Studio Version 17
VisualStudioVersion = 17.11.35327.3
MinimumVisualStudioVersion = 10.0.40219.1
Project("{FAE04EC0-301F-11D3-BF4B-00C04F79EFBC}") = "AtomPilesAlign", "AtomPilesAlign\AtomPilesAlign.csproj", "{CACA8243-A2BA-4A23-B60F-C0E794C65C28}"
EndProject
Global
	GlobalSection(SolutionConfigurationPlatforms) = preSolution
		Debug|Any CPU = Debug|Any CPU
		Release|Any CPU = Release|Any CPU
	EndGlobalSection
	GlobalSection(ProjectConfigurationPlatforms) = postSolution
		{CACA8243-A2BA-4A23-B60F-C0E794C65C28}.Debug|Any CPU.ActiveCfg = Debug|Any CPU
		{CACA8243-A2BA-4A23-B60F-C0E794C65C28}.Debug|Any CPU.Build.0 = Debug|Any CPU
		{CACA8243-A2BA-4A23-B60F-C0E794C65C28}.Release|Any CPU.ActiveCfg = Release|Any CPU
		{CACA8243-A2BA-4A23-B60F-C0E794C65C28}.Release|Any CPU.Build.0 = Release|Any CPU
	EndGlobalSection
	GlobalSection(SolutionProperties) = preSolution
		HideSolutionNode = FALSE
	EndGlobalSection
	GlobalSection(ExtensibilityGlobals) = postSolution
		SolutionGuid = {FCCA91AB-28E1-4499-8285-D06222834BB8}
	EndGlobalSection
EndGlobal
